{
  "requires": true,
  "lockfileVersion": 1,
  "dependencies": {
    "systemjs": {
      "version": "3.1.6",
      "resolved": "https://registry.npmjs.org/systemjs/-/systemjs-3.1.6.tgz",
      "integrity": "sha512-cXin4Z7FWf/eANmvuR5uE8qfPqMlkjyNZbayO/Mf3+AvSOegYY/3myiWgioKLOWUeB16if3VYqdk7HXXmgOL8Q=="
    }
  }
}
